
Microsoft Visual Studio Solution File, Format Version 12.00
# Visual Studio Version 16
VisualStudioVersion = 16.0.29926.136
MinimumVisualStudioVersion = 10.0.40219.1
Project("{FAE04EC0-301F-11D3-BF4B-00C04F79EFBC}") = "Interface", "InterfaceV2\Interface.csproj", "{8F95EC8F-1B4A-4A26-84C1-3B7DEFE2ED84}"
EndProject
Project("{FAE04EC0-301F-11D3-BF4B-00C04F79EFBC}") = "IPmanip", "WpfApp1\IPmanip.csproj", "{A6269A54-19B7-4569-83B5-CF8780889C09}"
EndProject
Project("{FAE04EC0-301F-11D3-BF4B-00C04F79EFBC}") = "test", "test\test.csproj", "{4A29EC24-D667-40A1-BE44-40CC01B581D9}"
EndProject
Project("{FAE04EC0-301F-11D3-BF4B-00C04F79EFBC}") = "DrawingAnimations", "DrawingAnimations\DrawingAnimations.csproj", "{F833D9A8-5BD8-48C0-A1BD-A97E348AB53C}"
EndProject
Project("{FAE04EC0-301F-11D3-BF4B-00C04F79EFBC}") = "Share Data WPF", "Share Data WPF\Share Data WPF.csproj", "{FA679581-DF57-4F4D-90AF-D4ADB735137F}"
EndProject
Project("{FAE04EC0-301F-11D3-BF4B-00C04F79EFBC}") = "WpfControlLibrary1", "WpfControlLibrary1\WpfControlLibrary1.csproj", "{89392640-B296-4674-AD00-D074B99E57F7}"
EndProject
Project("{FAE04EC0-301F-11D3-BF4B-00C04F79EFBC}") = "ConnectedForm", "ConnectedForm\ConnectedForm.csproj", "{6028814A-C00F-4839-B7A3-C34A6975A68A}"
EndProject
Project("{FAE04EC0-301F-11D3-BF4B-00C04F79EFBC}") = "StatusPanel", "StatusPanel\StatusPanel.csproj", "{32347EFB-60E9-4E7D-9FB2-5896733F508F}"
EndProject
Global
	GlobalSection(SolutionConfigurationPlatforms) = preSolution
		Debug|Any CPU = Debug|Any CPU
		Release|Any CPU = Release|Any CPU
	EndGlobalSection
	GlobalSection(ProjectConfigurationPlatforms) = postSolution
		{8F95EC8F-1B4A-4A26-84C1-3B7DEFE2ED84}.Debug|Any CPU.ActiveCfg = Debug|Any CPU
		{8F95EC8F-1B4A-4A26-84C1-3B7DEFE2ED84}.Debug|Any CPU.Build.0 = Debug|Any CPU
		{8F95EC8F-1B4A-4A26-84C1-3B7DEFE2ED84}.Release|Any CPU.ActiveCfg = Release|Any CPU
		{8F95EC8F-1B4A-4A26-84C1-3B7DEFE2ED84}.Release|Any CPU.Build.0 = Release|Any CPU
		{A6269A54-19B7-4569-83B5-CF8780889C09}.Debug|Any CPU.ActiveCfg = Debug|Any CPU
		{A6269A54-19B7-4569-83B5-CF8780889C09}.Debug|Any CPU.Build.0 = Debug|Any CPU
		{A6269A54-19B7-4569-83B5-CF8780889C09}.Release|Any CPU.ActiveCfg = Release|Any CPU
		{A6269A54-19B7-4569-83B5-CF8780889C09}.Release|Any CPU.Build.0 = Release|Any CPU
		{4A29EC24-D667-40A1-BE44-40CC01B581D9}.Debug|Any CPU.ActiveCfg = Debug|Any CPU
		{4A29EC24-D667-40A1-BE44-40CC01B581D9}.Debug|Any CPU.Build.0 = Debug|Any CPU
		{4A29EC24-D667-40A1-BE44-40CC01B581D9}.Release|Any CPU.ActiveCfg = Release|Any CPU
		{4A29EC24-D667-40A1-BE44-40CC01B581D9}.Release|Any CPU.Build.0 = Release|Any CPU
		{F833D9A8-5BD8-48C0-A1BD-A97E348AB53C}.Debug|Any CPU.ActiveCfg = Debug|Any CPU
		{F833D9A8-5BD8-48C0-A1BD-A97E348AB53C}.Debug|Any CPU.Build.0 = Debug|Any CPU
		{F833D9A8-5BD8-48C0-A1BD-A97E348AB53C}.Release|Any CPU.ActiveCfg = Release|Any CPU
		{F833D9A8-5BD8-48C0-A1BD-A97E348AB53C}.Release|Any CPU.Build.0 = Release|Any CPU
		{FA679581-DF57-4F4D-90AF-D4ADB735137F}.Debug|Any CPU.ActiveCfg = Debug|Any CPU
		{FA679581-DF57-4F4D-90AF-D4ADB735137F}.Debug|Any CPU.Build.0 = Debug|Any CPU
		{FA679581-DF57-4F4D-90AF-D4ADB735137F}.Release|Any CPU.ActiveCfg = Release|Any CPU
		{FA679581-DF57-4F4D-90AF-D4ADB735137F}.Release|Any CPU.Build.0 = Release|Any CPU
		{89392640-B296-4674-AD00-D074B99E57F7}.Debug|Any CPU.ActiveCfg = Debug|Any CPU
		{89392640-B296-4674-AD00-D074B99E57F7}.Debug|Any CPU.Build.0 = Debug|Any CPU
		{89392640-B296-4674-AD00-D074B99E57F7}.Release|Any CPU.ActiveCfg = Release|Any CPU
		{89392640-B296-4674-AD00-D074B99E57F7}.Release|Any CPU.Build.0 = Release|Any CPU
		{6028814A-C00F-4839-B7A3-C34A6975A68A}.Debug|Any CPU.ActiveCfg = Debug|Any CPU
		{6028814A-C00F-4839-B7A3-C34A6975A68A}.Debug|Any CPU.Build.0 = Debug|Any CPU
		{6028814A-C00F-4839-B7A3-C34A6975A68A}.Release|Any CPU.ActiveCfg = Release|Any CPU
		{6028814A-C00F-4839-B7A3-C34A6975A68A}.Release|Any CPU.Build.0 = Release|Any CPU
		{32347EFB-60E9-4E7D-9FB2-5896733F508F}.Debug|Any CPU.ActiveCfg = Debug|Any CPU
		{32347EFB-60E9-4E7D-9FB2-5896733F508F}.Debug|Any CPU.Build.0 = Debug|Any CPU
		{32347EFB-60E9-4E7D-9FB2-5896733F508F}.Release|Any CPU.ActiveCfg = Release|Any CPU
		{32347EFB-60E9-4E7D-9FB2-5896733F508F}.Release|Any CPU.Build.0 = Release|Any CPU
	EndGlobalSection
	GlobalSection(SolutionProperties) = preSolution
		HideSolutionNode = FALSE
	EndGlobalSection
	GlobalSection(ExtensibilityGlobals) = postSolution
		SolutionGuid = {7386D9F0-E8AB-4500-94A0-B21C93889E4E}
	EndGlobalSection
EndGlobal
